// !$*UTF8*$!
{
	archiveVersion = 1;
	classes = {
	};
	objectVersion = 50;
	objects = {

/* Begin PBXBuildFile section */
		601637462387AAEE00FD52A1 /* AppDelegate.swift in Sources */ = {isa = PBXBuildFile; fileRef = 601637452387AAEE00FD52A1 /* AppDelegate.swift */; };
		601637482387AAEE00FD52A1 /* ViewController.swift in Sources */ = {isa = PBXBuildFile; fileRef = 601637472387AAEE00FD52A1 /* ViewController.swift */; };
		6016374B2387AAEE00FD52A1 /* Main.storyboard in Resources */ = {isa = PBXBuildFile; fileRef = 601637492387AAEE00FD52A1 /* Main.storyboard */; };
		6016374D2387AAEF00FD52A1 /* Assets.xcassets in Resources */ = {isa = PBXBuildFile; fileRef = 6016374C2387AAEF00FD52A1 /* Assets.xcassets */; };
		601637502387AAEF00FD52A1 /* LaunchScreen.storyboard in Resources */ = {isa = PBXBuildFile; fileRef = 6016374E2387AAEF00FD52A1 /* LaunchScreen.storyboard */; };
		6016375B2387AAEF00FD52A1 /* IncrementalSearch_SamplerTests.swift in Sources */ = {isa = PBXBuildFile; fileRef = 6016375A2387AAEF00FD52A1 /* IncrementalSearch_SamplerTests.swift */; };
		601637662387AAEF00FD52A1 /* IncrementalSearch_SamplerUITests.swift in Sources */ = {isa = PBXBuildFile; fileRef = 601637652387AAEF00FD52A1 /* IncrementalSearch_SamplerUITests.swift */; };
		601637742387B6CC00FD52A1 /* DetailViewController.swift in Sources */ = {isa = PBXBuildFile; fileRef = 601637732387B6CC00FD52A1 /* DetailViewController.swift */; };
/* End PBXBuildFile section */

/* Begin PBXContainerItemProxy section */
		601637572387AAEF00FD52A1 /* PBXContainerItemProxy */ = {
			isa = PBXContainerItemProxy;
			containerPortal = 6016373A2387AAEE00FD52A1 /* Project object */;
			proxyType = 1;
			remoteGlobalIDString = 601637412387AAEE00FD52A1;
			remoteInfo = "IncrementalSearch-Sampler";
		};
		601637622387AAEF00FD52A1 /* PBXContainerItemProxy */ = {
			isa = PBXContainerItemProxy;
			containerPortal = 6016373A2387AAEE00FD52A1 /* Project object */;
			proxyType = 1;
			remoteGlobalIDString = 601637412387AAEE00FD52A1;
			remoteInfo = "IncrementalSearch-Sampler";
		};
/* End PBXContainerItemProxy section */

/* Begin PBXFileReference section */
		601637422387AAEE00FD52A1 /* IncrementalSearch-Sampler.app */ = {isa = PBXFileReference; explicitFileType = wrapper.application; includeInIndex = 0; path = "IncrementalSearch-Sampler.app"; sourceTree = BUILT_PRODUCTS_DIR; };
		601637452387AAEE00FD52A1 /* AppDelegate.swift */ = {isa = PBXFileReference; lastKnownFileType = sourcecode.swift; path = AppDelegate.swift; sourceTree = "<group>"; };
		601637472387AAEE00FD52A1 /* ViewController.swift */ = {isa = PBXFileReference; lastKnownFileType = sourcecode.swift; path = ViewController.swift; sourceTree = "<group>"; };
		6016374A2387AAEE00FD52A1 /* Base */ = {isa = PBXFileReference; lastKnownFileType = file.storyboard; name = Base; path = Base.lproj/Main.storyboard; sourceTree = "<group>"; };
		6016374C2387AAEF00FD52A1 /* Assets.xcassets */ = {isa = PBXFileReference; lastKnownFileType = folder.assetcatalog; path = Assets.xcassets; sourceTree = "<group>"; };
		6016374F2387AAEF00FD52A1 /* Base */ = {isa = PBXFileReference; lastKnownFileType = file.storyboard; name = Base; path = Base.lproj/LaunchScreen.storyboard; sourceTree = "<group>"; };
		601637512387AAEF00FD52A1 /* Info.plist */ = {isa = PBXFileReference; lastKnownFileType = text.plist.xml; path = Info.plist; sourceTree = "<group>"; };
		601637562387AAEF00FD52A1 /* IncrementalSearch-SamplerTests.xctest */ = {isa = PBXFileReference; explicitFileType = wrapper.cfbundle; includeInIndex = 0; path = "IncrementalSearch-SamplerTests.xctest"; sourceTree = BUILT_PRODUCTS_DIR; };
		6016375A2387AAEF00FD52A1 /* IncrementalSearch_SamplerTests.swift */ = {isa = PBXFileReference; lastKnownFileType = sourcecode.swift; path = IncrementalSearch_SamplerTests.swift; sourceTree = "<group>"; };
		6016375C2387AAEF00FD52A1 /* Info.plist */ = {isa = PBXFileReference; lastKnownFileType = text.plist.xml; path = Info.plist; sourceTree = "<group>"; };
		601637612387AAEF00FD52A1 /* IncrementalSearch-SamplerUITests.xctest */ = {isa = PBXFileReference; explicitFileType = wrapper.cfbundle; includeInIndex = 0; path = "IncrementalSearch-SamplerUITests.xctest"; sourceTree = BUILT_PRODUCTS_DIR; };
		601637652387AAEF00FD52A1 /* IncrementalSearch_SamplerUITests.swift */ = {isa = PBXFileReference; lastKnownFileType = sourcecode.swift; path = IncrementalSearch_SamplerUITests.swift; sourceTree = "<group>"; };
		601637672387AAEF00FD52A1 /* Info.plist */ = {isa = PBXFileReference; lastKnownFileType = text.plist.xml; path = Info.plist; sourceTree = "<group>"; };
		601637732387B6CC00FD52A1 /* DetailViewController.swift */ = {isa = PBXFileReference; lastKnownFileType = sourcecode.swift; path = DetailViewController.swift; sourceTree = "<group>"; };
/* End PBXFileReference section */

/* Begin PBXFrameworksBuildPhase section */
		6016373F2387AAEE00FD52A1 /* Frameworks */ = {
			isa = PBXFrameworksBuildPhase;
			buildActionMask = 2147483647;
			files = (
			);
			runOnlyForDeploymentPostprocessing = 0;
		};
		601637532387AAEF00FD52A1 /* Frameworks */ = {
			isa = PBXFrameworksBuildPhase;
			buildActionMask = 2147483647;
			files = (
			);
			runOnlyForDeploymentPostprocessing = 0;
		};
		6016375E2387AAEF00FD52A1 /* Frameworks */ = {
			isa = PBXFrameworksBuildPhase;
			buildActionMask = 2147483647;
			files = (
			);
			runOnlyForDeploymentPostprocessing = 0;
		};
/* End PBXFrameworksBuildPhase section */

/* Begin PBXGroup section */
		601637392387AAEE00FD52A1 = {
			isa = PBXGroup;
			children = (
				601637442387AAEE00FD52A1 /* IncrementalSearch-Sampler */,
				601637592387AAEF00FD52A1 /* IncrementalSearch-SamplerTests */,
				601637642387AAEF00FD52A1 /* IncrementalSearch-SamplerUITests */,
				601637432387AAEE00FD52A1 /* Products */,
			);
			sourceTree = "<group>";
		};
		601637432387AAEE00FD52A1 /* Products */ = {
			isa = PBXGroup;
			children = (
				601637422387AAEE00FD52A1 /* IncrementalSearch-Sampler.app */,
				601637562387AAEF00FD52A1 /* IncrementalSearch-SamplerTests.xctest */,
				601637612387AAEF00FD52A1 /* IncrementalSearch-SamplerUITests.xctest */,
			);
			name = Products;
			sourceTree = "<group>";
		};
		601637442387AAEE00FD52A1 /* IncrementalSearch-Sampler */ = {
			isa = PBXGroup;
			children = (
				601637452387AAEE00FD52A1 /* AppDelegate.swift */,
				601637492387AAEE00FD52A1 /* Main.storyboard */,
				601637472387AAEE00FD52A1 /* ViewController.swift */,
				601637732387B6CC00FD52A1 /* DetailViewController.swift */,
				6016374C2387AAEF00FD52A1 /* Assets.xcassets */,
				6016374E2387AAEF00FD52A1 /* LaunchScreen.storyboard */,
				601637512387AAEF00FD52A1 /* Info.plist */,
			);
			path = "IncrementalSearch-Sampler";
			sourceTree = "<group>";
		};
		601637592387AAEF00FD52A1 /* IncrementalSearch-SamplerTests */ = {
			isa = PBXGroup;
			children = (
				6016375A2387AAEF00FD52A1 /* IncrementalSearch_SamplerTests.swift */,
				6016375C2387AAEF00FD52A1 /* Info.plist */,
			);
			path = "IncrementalSearch-SamplerTests";
			sourceTree = "<group>";
		};
		601637642387AAEF00FD52A1 /* IncrementalSearch-SamplerUITests */ = {
			isa = PBXGroup;
			children = (
				601637652387AAEF00FD52A1 /* IncrementalSearch_SamplerUITests.swift */,
				601637672387AAEF00FD52A1 /* Info.plist */,
			);
			path = "IncrementalSearch-SamplerUITests";
			sourceTree = "<group>";
		};
/* End PBXGroup section */

/* Begin PBXNativeTarget section */
		601637412387AAEE00FD52A1 /* IncrementalSearch-Sampler */ = {
			isa = PBXNativeTarget;
			buildConfigurationList = 6016376A2387AAEF00FD52A1 /* Build configuration list for PBXNativeTarget "IncrementalSearch-Sampler" */;
			buildPhases = (
				6016373E2387AAEE00FD52A1 /* Sources */,
				6016373F2387AAEE00FD52A1 /* Frameworks */,
				601637402387AAEE00FD52A1 /* Resources */,
			);
			buildRules = (
			);
			dependencies = (
			);
			name = "IncrementalSearch-Sampler";
			productName = "IncrementalSearch-Sampler";
			productReference = 601637422387AAEE00FD52A1 /* IncrementalSearch-Sampler.app */;
			productType = "com.apple.product-type.application";
		};
		601637552387AAEF00FD52A1 /* IncrementalSearch-SamplerTests */ = {
			isa = PBXNativeTarget;
			buildConfigurationList = 6016376D2387AAEF00FD52A1 /* Build configuration list for PBXNativeTarget "IncrementalSearch-SamplerTests" */;
			buildPhases = (
				601637522387AAEF00FD52A1 /* Sources */,
				601637532387AAEF00FD52A1 /* Frameworks */,
				601637542387AAEF00FD52A1 /* Resources */,
			);
			buildRules = (
			);
			dependencies = (
				601637582387AAEF00FD52A1 /* PBXTargetDependency */,
			);
			name = "IncrementalSearch-SamplerTests";
			productName = "IncrementalSearch-SamplerTests";
			productReference = 601637562387AAEF00FD52A1 /* IncrementalSearch-SamplerTests.xctest */;
			productType = "com.apple.product-type.bundle.unit-test";
		};
		601637602387AAEF00FD52A1 /* IncrementalSearch-SamplerUITests */ = {
			isa = PBXNativeTarget;
			buildConfigurationList = 601637702387AAEF00FD52A1 /* Build configuration list for PBXNativeTarget "IncrementalSearch-SamplerUITests" */;
			buildPhases = (
				6016375D2387AAEF00FD52A1 /* Sources */,
				6016375E2387AAEF00FD52A1 /* Frameworks */,
				6016375F2387AAEF00FD52A1 /* Resources */,
			);
			buildRules = (
			);
			dependencies = (
				601637632387AAEF00FD52A1 /* PBXTargetDependency */,
			);
			name = "IncrementalSearch-SamplerUITests";
			productName = "IncrementalSearch-SamplerUITests";
			productReference = 601637612387AAEF00FD52A1 /* IncrementalSearch-SamplerUITests.xctest */;
			productType = "com.apple.product-type.bundle.ui-testing";
		};
/* End PBXNativeTarget section */

/* Begin PBXProject section */
		6016373A2387AAEE00FD52A1 /* Project object */ = {
			isa = PBXProject;
			attributes = {
				LastSwiftUpdateCheck = 1030;
				LastUpgradeCheck = 1030;
				ORGANIZATIONNAME = "Muramatsu Ryunosuke";
				TargetAttributes = {
					601637412387AAEE00FD52A1 = {
						CreatedOnToolsVersion = 10.3;
					};
					601637552387AAEF00FD52A1 = {
						CreatedOnToolsVersion = 10.3;
						TestTargetID = 601637412387AAEE00FD52A1;
					};
					601637602387AAEF00FD52A1 = {
						CreatedOnToolsVersion = 10.3;
						TestTargetID = 601637412387AAEE00FD52A1;
					};
				};
			};
			buildConfigurationList = 6016373D2387AAEE00FD52A1 /* Build configuration list for PBXProject "IncrementalSearch-Sampler" */;
			compatibilityVersion = "Xcode 9.3";
			developmentRegion = en;
			hasScannedForEncodings = 0;
			knownRegions = (
				en,
				Base,
			);
			mainGroup = 601637392387AAEE00FD52A1;
			productRefGroup = 601637432387AAEE00FD52A1 /* Products */;
			projectDirPath = "";
			projectRoot = "";
			targets = (
				601637412387AAEE00FD52A1 /* IncrementalSearch-Sampler */,
				601637552387AAEF00FD52A1 /* IncrementalSearch-SamplerTests */,
				601637602387AAEF00FD52A1 /* IncrementalSearch-SamplerUITests */,
			);
		};
/* End PBXProject section */

/* Begin PBXResourcesBuildPhase section */
		601637402387AAEE00FD52A1 /* Resources */ = {
			isa = PBXResourcesBuildPhase;
			buildActionMask = 2147483647;
			files = (
				601637502387AAEF00FD52A1 /* LaunchScreen.storyboard in Resources */,
				6016374D2387AAEF00FD52A1 /* Assets.xcassets in Resources */,
				6016374B2387AAEE00FD52A1 /* Main.storyboard in Resources */,
			);
			runOnlyForDeploymentPostprocessing = 0;
		};
		601637542387AAEF00FD52A1 /* Resources */ = {
			isa = PBXResourcesBuildPhase;
			buildActionMask = 2147483647;
			files = (
			);
			runOnlyForDeploymentPostprocessing = 0;
		};
		6016375F2387AAEF00FD52A1 /* Resources */ = {
			isa = PBXResourcesBuildPhase;
			buildActionMask = 2147483647;
			files = (
			);
			runOnlyForDeploymentPostprocessing = 0;
		};
/* End PBXResourcesBuildPhase section */

/* Begin PBXSourcesBuildPhase section */
		6016373E2387AAEE00FD52A1 /* Sources */ = {
			isa = PBXSourcesBuildPhase;
			buildActionMask = 2147483647;
			files = (
				601637742387B6CC00FD52A1 /* DetailViewController.swift in Sources */,
				601637482387AAEE00FD52A1 /* ViewController.swift in Sources */,
				601637462387AAEE00FD52A1 /* AppDelegate.swift in Sources */,
			);
			runOnlyForDeploymentPostprocessing = 0;
		};
		601637522387AAEF00FD52A1 /* Sources */ = {
			isa = PBXSourcesBuildPhase;
			buildActionMask = 2147483647;
			files = (
				6016375B2387AAEF00FD52A1 /* IncrementalSearch_SamplerTests.swift in Sources */,
			);
			runOnlyForDeploymentPostprocessing = 0;
		};
		6016375D2387AAEF00FD52A1 /* Sources */ = {
			isa = PBXSourcesBuildPhase;
			buildActionMask = 2147483647;
			files = (
				601637662387AAEF00FD52A1 /* IncrementalSearch_SamplerUITests.swift in Sources */,
			);
			runOnlyForDeploymentPostprocessing = 0;
		};
/* End PBXSourcesBuildPhase section */

/* Begin PBXTargetDependency section */
		601637582387AAEF00FD52A1 /* PBXTargetDependency */ = {
			isa = PBXTargetDependency;
			target = 601637412387AAEE00FD52A1 /* IncrementalSearch-Sampler */;
			targetProxy = 601637572387AAEF00FD52A1 /* PBXContainerItemProxy */;
		};
		601637632387AAEF00FD52A1 /* PBXTargetDependency */ = {
			isa = PBXTargetDependency;
			target = 601637412387AAEE00FD52A1 /* IncrementalSearch-Sampler */;
			targetProxy = 601637622387AAEF00FD52A1 /* PBXContainerItemProxy */;
		};
/* End PBXTargetDependency section */

/* Begin PBXVariantGroup section */
		601637492387AAEE00FD52A1 /* Main.storyboard */ = {
			isa = PBXVariantGroup;
			children = (
				6016374A2387AAEE00FD52A1 /* Base */,
			);
			name = Main.storyboard;
			sourceTree = "<group>";
		};
		6016374E2387AAEF00FD52A1 /* LaunchScreen.storyboard */ = {
			isa = PBXVariantGroup;
			children = (
				6016374F2387AAEF00FD52A1 /* Base */,
			);
			name = LaunchScreen.storyboard;
			sourceTree = "<group>";
		};
/* End PBXVariantGroup section */

/* Begin XCBuildConfiguration section */
		601637682387AAEF00FD52A1 /* Debug */ = {
			isa = XCBuildConfiguration;
			buildSettings = {
				ALWAYS_SEARCH_USER_PATHS = NO;
				CLANG_ANALYZER_NONNULL = YES;
				CLANG_ANALYZER_NUMBER_OBJECT_CONVERSION = YES_AGGRESSIVE;
				CLANG_CXX_LANGUAGE_STANDARD = "gnu++14";
				CLANG_CXX_LIBRARY = "libc++";
				CLANG_ENABLE_MODULES = YES;
				CLANG_ENABLE_OBJC_ARC = YES;
				CLANG_ENABLE_OBJC_WEAK = YES;
				CLANG_WARN_BLOCK_CAPTURE_AUTORELEASING = YES;
				CLANG_WARN_BOOL_CONVERSION = YES;
				CLANG_WARN_COMMA = YES;
				CLANG_WARN_CONSTANT_CONVERSION = YES;
				CLANG_WARN_DEPRECATED_OBJC_IMPLEMENTATIONS = YES;
				CLANG_WARN_DIRECT_OBJC_ISA_USAGE = YES_ERROR;
				CLANG_WARN_DOCUMENTATION_COMMENTS = YES;
				CLANG_WARN_EMPTY_BODY = YES;
				CLANG_WARN_ENUM_CONVERSION = YES;
				CLANG_WARN_INFINITE_RECURSION = YES;
				CLANG_WARN_INT_CONVERSION = YES;
				CLANG_WARN_NON_LITERAL_NULL_CONVERSION = YES;
				CLANG_WARN_OBJC_IMPLICIT_RETAIN_SELF = YES;
				CLANG_WARN_OBJC_LITERAL_CONVERSION = YES;
				CLANG_WARN_OBJC_ROOT_CLASS = YES_ERROR;
				CLANG_WARN_RANGE_LOOP_ANALYSIS = YES;
				CLANG_WARN_STRICT_PROTOTYPES = YES;
				CLANG_WARN_SUSPICIOUS_MOVE = YES;
				CLANG_WARN_UNGUARDED_AVAILABILITY = YES_AGGRESSIVE;
				CLANG_WARN_UNREACHABLE_CODE = YES;
				CLANG_WARN__DUPLICATE_METHOD_MATCH = YES;
				CODE_SIGN_IDENTITY = "iPhone Developer";
				COPY_PHASE_STRIP = NO;
				DEBUG_INFORMATION_FORMAT = dwarf;
				ENABLE_STRICT_OBJC_MSGSEND = YES;
				ENABLE_TESTABILITY = YES;
				GCC_C_LANGUAGE_STANDARD = gnu11;
				GCC_DYNAMIC_NO_PIC = NO;
				GCC_NO_COMMON_BLOCKS = YES;
				GCC_OPTIMIZATION_LEVEL = 0;
				GCC_PREPROCESSOR_DEFINITIONS = (
					"DEBUG=1",
					"$(inherited)",
				);
				GCC_WARN_64_TO_32_BIT_CONVERSION = YES;
				GCC_WARN_ABOUT_RETURN_TYPE = YES_ERROR;
				GCC_WARN_UNDECLARED_SELECTOR = YES;
				GCC_WARN_UNINITIALIZED_AUTOS = YES_AGGRESSIVE;
				GCC_WARN_UNUSED_FUNCTION = YES;
				GCC_WARN_UNUSED_VARIABLE = YES;
				IPHONEOS_DEPLOYMENT_TARGET = 11.0;
				MTL_ENABLE_DEBUG_INFO = INCLUDE_SOURCE;
				MTL_FAST_MATH = YES;
				ONLY_ACTIVE_ARCH = YES;
				SDKROOT = iphoneos;
				SWIFT_ACTIVE_COMPILATION_CONDITIONS = DEBUG;
				SWIFT_OPTIMIZATION_LEVEL = "-Onone";
			};
			name = Debug;
		};
		601637692387AAEF00FD52A1 /* Release */ = {
			isa = XCBuildConfiguration;
			buildSettings = {
				ALWAYS_SEARCH_USER_PATHS = NO;
				CLANG_ANALYZER_NONNULL = YES;
				CLANG_ANALYZER_NUMBER_OBJECT_CONVERSION = YES_AGGRESSIVE;
				CLANG_CXX_LANGUAGE_STANDARD = "gnu++14";
				CLANG_CXX_LIBRARY = "libc++";
				CLANG_ENABLE_MODULES = YES;
				CLANG_ENABLE_OBJC_ARC = YES;
				CLANG_ENABLE_OBJC_WEAK = YES;
				CLANG_WARN_BLOCK_CAPTURE_AUTORELEASING = YES;
				CLANG_WARN_BOOL_CONVERSION = YES;
				CLANG_WARN_COMMA = YES;
				CLANG_WARN_CONSTANT_CONVERSION = YES;
				CLANG_WARN_DEPRECATED_OBJC_IMPLEMENTATIONS = YES;
				CLANG_WARN_DIRECT_OBJC_ISA_USAGE = YES_ERROR;
				CLANG_WARN_DOCUMENTATION_COMMENTS = YES;
				CLANG_WARN_EMPTY_BODY = YES;
				CLANG_WARN_ENUM_CONVERSION = YES;
				CLANG_WARN_INFINITE_RECURSION = YES;
				CLANG_WARN_INT_CONVERSION = YES;
				CLANG_WARN_NON_LITERAL_NULL_CONVERSION = YES;
				CLANG_WARN_OBJC_IMPLICIT_RETAIN_SELF = YES;
				CLANG_WARN_OBJC_LITERAL_CONVERSION = YES;
				CLANG_WARN_OBJC_ROOT_CLASS = YES_ERROR;
				CLANG_WARN_RANGE_LOOP_ANALYSIS = YES;
				CLANG_WARN_STRICT_PROTOTYPES = YES;
				CLANG_WARN_SUSPICIOUS_MOVE = YES;
				CLANG_WARN_UNGUARDED_AVAILABILITY = YES_AGGRESSIVE;
				CLANG_WARN_UNREACHABLE_CODE = YES;
				CLANG_WARN__DUPLICATE_METHOD_MATCH = YES;
				CODE_SIGN_IDENTITY = "iPhone Developer";
				COPY_PHASE_STRIP = NO;
				DEBUG_INFORMATION_FORMAT = "dwarf-with-dsym";
				ENABLE_NS_ASSERTIONS = NO;
				ENABLE_STRICT_OBJC_MSGSEND = YES;
				GCC_C_LANGUAGE_STANDARD = gnu11;
				GCC_NO_COMMON_BLOCKS = YES;
				GCC_WARN_64_TO_32_BIT_CONVERSION = YES;
				GCC_WARN_ABOUT_RETURN_TYPE = YES_ERROR;
				GCC_WARN_UNDECLARED_SELECTOR = YES;
				GCC_WARN_UNINITIALIZED_AUTOS = YES_AGGRESSIVE;
				GCC_WARN_UNUSED_FUNCTION = YES;
				GCC_WARN_UNUSED_VARIABLE = YES;
				IPHONEOS_DEPLOYMENT_TARGET = 11.0;
				MTL_ENABLE_DEBUG_INFO = NO;
				MTL_FAST_MATH = YES;
				SDKROOT = iphoneos;
				SWIFT_COMPILATION_MODE = wholemodule;
				SWIFT_OPTIMIZATION_LEVEL = "-O";
				VALIDATE_PRODUCT = YES;
			};
			name = Release;
		};
		6016376B2387AAEF00FD52A1 /* Debug */ = {
			isa = XCBuildConfiguration;
			buildSettings = {
				ASSETCATALOG_COMPILER_APPICON_NAME = AppIcon;
				CODE_SIGN_STYLE = Automatic;
				DEVELOPMENT_TEAM = 3537BAHE48;
				INFOPLIST_FILE = "IncrementalSearch-Sampler/Info.plist";
				LD_RUNPATH_SEARCH_PATHS = (
					"$(inherited)",
					"@executable_path/Frameworks",
				);
				MARKETING_VERSION = 1.0.0;
				PRODUCT_BUNDLE_IDENTIFIER = "jp.altive.IncrementalSearch-Sampler";
				PRODUCT_NAME = "$(TARGET_NAME)";
				SWIFT_VERSION = 5.0;
				TARGETED_DEVICE_FAMILY = "1,2";
			};
			name = Debug;
		};
		6016376C2387AAEF00FD52A1 /* Release */ = {
			isa = XCBuildConfiguration;
			buildSettings = {
				ASSETCATALOG_COMPILER_APPICON_NAME = AppIcon;
				CODE_SIGN_STYLE = Automatic;
				DEVELOPMENT_TEAM = 3537BAHE48;
				INFOPLIST_FILE = "IncrementalSearch-Sampler/Info.plist";
				LD_RUNPATH_SEARCH_PATHS = (
					"$(inherited)",
					"@executable_path/Frameworks",
				);
				MARKETING_VERSION = 1.0.0;
				PRODUCT_BUNDLE_IDENTIFIER = "jp.altive.IncrementalSearch-Sampler";
				PRODUCT_NAME = "$(TARGET_NAME)";
				SWIFT_VERSION = 5.0;
				TARGETED_DEVICE_FAMILY = "1,2";
			};
			name = Release;
		};
		6016376E2387AAEF00FD52A1 /* Debug */ = {
			isa = XCBuildConfiguration;
			buildSettings = {
				ALWAYS_EMBED_SWIFT_STANDARD_LIBRARIES = YES;
				BUNDLE_LOADER = "$(TEST_HOST)";
				CODE_SIGN_STYLE = Automatic;
				INFOPLIST_FILE = "IncrementalSearch-SamplerTests/Info.plist";
				LD_RUNPATH_SEARCH_PATHS = (
					"$(inherited)",
					"@executable_path/Frameworks",
					"@loader_path/Frameworks",
				);
				PRODUCT_BUNDLE_IDENTIFIER = "jp.altive.IncrementalSearch-SamplerTests";
				PRODUCT_NAME = "$(TARGET_NAME)";
				SWIFT_VERSION = 5.0;
				TARGETED_DEVICE_FAMILY = "1,2";
				TEST_HOST = "$(BUILT_PRODUCTS_DIR)/IncrementalSearch-Sampler.app/IncrementalSearch-Sampler";
			};
			name = Debug;
		};
		6016376F2387AAEF00FD52A1 /* Release */ = {
			isa = XCBuildConfiguration;
			buildSettings = {
				ALWAYS_EMBED_SWIFT_STANDARD_LIBRARIES = YES;
				BUNDLE_LOADER = "$(TEST_HOST)";
				CODE_SIGN_STYLE = Automatic;
				INFOPLIST_FILE = "IncrementalSearch-SamplerTests/Info.plist";
				LD_RUNPATH_SEARCH_PATHS = (
					"$(inherited)",
					"@executable_path/Frameworks",
					"@loader_path/Frameworks",
				);
				PRODUCT_BUNDLE_IDENTIFIER = "jp.altive.IncrementalSearch-SamplerTests";
				PRODUCT_NAME = "$(TARGET_NAME)";
				SWIFT_VERSION = 5.0;
				TARGETED_DEVICE_FAMILY = "1,2";
				TEST_HOST = "$(BUILT_PRODUCTS_DIR)/IncrementalSearch-Sampler.app/IncrementalSearch-Sampler";
			};
			name = Release;
		};
		601637712387AAEF00FD52A1 /* Debug */ = {
			isa = XCBuildConfiguration;
			buildSettings = {
				ALWAYS_EMBED_SWIFT_STANDARD_LIBRARIES = YES;
				CODE_SIGN_STYLE = Automatic;
				INFOPLIST_FILE = "IncrementalSearch-SamplerUITests/Info.plist";
				LD_RUNPATH_SEARCH_PATHS = (
					"$(inherited)",
					"@executable_path/Frameworks",
					"@loader_path/Frameworks",
				);
				PRODUCT_BUNDLE_IDENTIFIER = "jp.altive.IncrementalSearch-SamplerUITests";
				PRODUCT_NAME = "$(TARGET_NAME)";
				SWIFT_VERSION = 5.0;
				TARGETED_DEVICE_FAMILY = "1,2";
				TEST_TARGET_NAME = "IncrementalSearch-Sampler";
			};
			name = Debug;
		};
		601637722387AAEF00FD52A1 /* Release */ = {
			isa = XCBuildConfiguration;
			buildSettings = {
				ALWAYS_EMBED_SWIFT_STANDARD_LIBRARIES = YES;
				CODE_SIGN_STYLE = Automatic;
				INFOPLIST_FILE = "IncrementalSearch-SamplerUITests/Info.plist";
				LD_RUNPATH_SEARCH_PATHS = (
					"$(inherited)",
					"@executable_path/Frameworks",
					"@loader_path/Frameworks",
				);
				PRODUCT_BUNDLE_IDENTIFIER = "jp.altive.IncrementalSearch-SamplerUITests";
				PRODUCT_NAME = "$(TARGET_NAME)";
				SWIFT_VERSION = 5.0;
				TARGETED_DEVICE_FAMILY = "1,2";
				TEST_TARGET_NAME = "IncrementalSearch-Sampler";
			};
			name = Release;
		};
/* End XCBuildConfiguration section */

/* Begin XCConfigurationList section */
		6016373D2387AAEE00FD52A1 /* Build configuration list for PBXProject "IncrementalSearch-Sampler" */ = {
			isa = XCConfigurationList;
			buildConfigurations = (
				601637682387AAEF00FD52A1 /* Debug */,
				601637692387AAEF00FD52A1 /* Release */,
			);
			defaultConfigurationIsVisible = 0;
			defaultConfigurationName = Release;
		};
		6016376A2387AAEF00FD52A1 /* Build configuration list for PBXNativeTarget "IncrementalSearch-Sampler" */ = {
			isa = XCConfigurationList;
			buildConfigurations = (
				6016376B2387AAEF00FD52A1 /* Debug */,
				6016376C2387AAEF00FD52A1 /* Release */,
			);
			defaultConfigurationIsVisible = 0;
			defaultConfigurationName = Release;
		};
		6016376D2387AAEF00FD52A1 /* Build configuration list for PBXNativeTarget "IncrementalSearch-SamplerTests" */ = {
			isa = XCConfigurationList;
			buildConfigurations = (
				6016376E2387AAEF00FD52A1 /* Debug */,
				6016376F2387AAEF00FD52A1 /* Release */,
			);
			defaultConfigurationIsVisible = 0;
			defaultConfigurationName = Release;
		};
		601637702387AAEF00FD52A1 /* Build configuration list for PBXNativeTarget "IncrementalSearch-SamplerUITests" */ = {
			isa = XCConfigurationList;
			buildConfigurations = (
				601637712387AAEF00FD52A1 /* Debug */,
				601637722387AAEF00FD52A1 /* Release */,
			);
			defaultConfigurationIsVisible = 0;
			defaultConfigurationName = Release;
		};
/* End XCConfigurationList section */
	};
	rootObject = 6016373A2387AAEE00FD52A1 /* Project object */;
}
